
Microsoft Visual Studio Solution File, Format Version 12.00
# Visual Studio Version 17
VisualStudioVersion = 17.14.36518.9 d17.14
MinimumVisualStudioVersion = 10.0.40219.1
Project("{FAE04EC0-301F-11D3-BF4B-00C04F79EFBC}") = "DesafioTechNF.API", "DesafioTechNF.API\DesafioTechNF.API.csproj", "{D7523F5A-CC1F-4059-82C8-C5B34DCD7E99}"
EndProject
Project("{FAE04EC0-301F-11D3-BF4B-00C04F79EFBC}") = "DesafioTechNF.Communication", "DesafioTechNF.Communication\DesafioTechNF.Communication.csproj", "{9A1D211A-D772-4B51-9D90-2C153745CAFB}"
EndProject
Project("{FAE04EC0-301F-11D3-BF4B-00C04F79EFBC}") = "DesafioTechNF.Exceptions", "DesafioTechNF.Exceptions\DesafioTechNF.Exceptions.csproj", "{DF6DF71B-6BBA-41DB-9DAD-23930016F773}"
EndProject
Global
	GlobalSection(SolutionConfigurationPlatforms) = preSolution
		Debug|Any CPU = Debug|Any CPU
		Release|Any CPU = Release|Any CPU
	EndGlobalSection
	GlobalSection(ProjectConfigurationPlatforms) = postSolution
		{D7523F5A-CC1F-4059-82C8-C5B34DCD7E99}.Debug|Any CPU.ActiveCfg = Debug|Any CPU
		{D7523F5A-CC1F-4059-82C8-C5B34DCD7E99}.Debug|Any CPU.Build.0 = Debug|Any CPU
		{D7523F5A-CC1F-4059-82C8-C5B34DCD7E99}.Release|Any CPU.ActiveCfg = Release|Any CPU
		{D7523F5A-CC1F-4059-82C8-C5B34DCD7E99}.Release|Any CPU.Build.0 = Release|Any CPU
		{9A1D211A-D772-4B51-9D90-2C153745CAFB}.Debug|Any CPU.ActiveCfg = Debug|Any CPU
		{9A1D211A-D772-4B51-9D90-2C153745CAFB}.Debug|Any CPU.Build.0 = Debug|Any CPU
		{9A1D211A-D772-4B51-9D90-2C153745CAFB}.Release|Any CPU.ActiveCfg = Release|Any CPU
		{9A1D211A-D772-4B51-9D90-2C153745CAFB}.Release|Any CPU.Build.0 = Release|Any CPU
		{DF6DF71B-6BBA-41DB-9DAD-23930016F773}.Debug|Any CPU.ActiveCfg = Debug|Any CPU
		{DF6DF71B-6BBA-41DB-9DAD-23930016F773}.Debug|Any CPU.Build.0 = Debug|Any CPU
		{DF6DF71B-6BBA-41DB-9DAD-23930016F773}.Release|Any CPU.ActiveCfg = Release|Any CPU
		{DF6DF71B-6BBA-41DB-9DAD-23930016F773}.Release|Any CPU.Build.0 = Release|Any CPU
	EndGlobalSection
	GlobalSection(SolutionProperties) = preSolution
		HideSolutionNode = FALSE
	EndGlobalSection
	GlobalSection(ExtensibilityGlobals) = postSolution
		SolutionGuid = {E9B6E55B-C062-4DC2-8D29-E44EF2F1053E}
	EndGlobalSection
EndGlobal
